github.com/n-000000/blowfish/v2 v2.103.1-0.20260622071341-b7f856b35613 h1:1cyYDgCrazQ/0BnwQ5yd8FUzieWME1CWNvqQz7JAs7k=
github.com/n-000000/blowfish/v2 v2.103.1-0.20260622071341-b7f856b35613/go.mod h1:02gaPtEIf0UKm1M0DG53BgUzLVcvU0mgM6nnnvAGZYc=
github.com/n-000000/blowfish/v2 v2.103.1-0.20260622170840-cebf3555f148 h1:fYXKRERNZ4Uj/aWAODlPydQmCNwlEYsZG0pH8NIxe/Y=
github.com/n-000000/blowfish/v2 v2.103.1-0.20260622170840-cebf3555f148/go.mod h1:02gaPtEIf0UKm1M0DG53BgUzLVcvU0mgM6nnnvAGZYc=
github.com/n-000000/blowfish/v2 v2.103.1-0.20260622174436-eec07d102e97 h1:loVhZ0zFTpMvD7Rm6Q4v6fsI0tlKg6dL7zuGldyHDpE=
github.com/n-000000/blowfish/v2 v2.103.1-0.20260622174436-eec07d102e97/go.mod h1:02gaPtEIf0UKm1M0DG53BgUzLVcvU0mgM6nnnvAGZYc=
