github.com/n-000000/blowfish/v2 v2.103.1-0.20260623092140-11dc6cdf170c h1:TFeNlwTBOJ6lS3UIHH0unzlmbwLEXRmg+aC0g6GLQKA=
github.com/n-000000/blowfish/v2 v2.103.1-0.20260623092140-11dc6cdf170c/go.mod h1:02gaPtEIf0UKm1M0DG53BgUzLVcvU0mgM6nnnvAGZYc=
github.com/n-000000/blowfish/v2 v2.103.1-0.20260623134754-d3a4acfc7b27 h1:xsT1feNDGj32kfWbPU/8r7BA5aXcJhCC8ybNFFoLNpw=
github.com/n-000000/blowfish/v2 v2.103.1-0.20260623134754-d3a4acfc7b27/go.mod h1:02gaPtEIf0UKm1M0DG53BgUzLVcvU0mgM6nnnvAGZYc=
github.com/n-000000/blowfish/v2 v2.103.1-0.20260623164936-c923d291b835 h1:A/9jROD6gsV/0PEr7gHoYDdN/RKwd93fZT256ZLFugY=
github.com/n-000000/blowfish/v2 v2.103.1-0.20260623164936-c923d291b835/go.mod h1:02gaPtEIf0UKm1M0DG53BgUzLVcvU0mgM6nnnvAGZYc=
github.com/n-000000/blowfish/v2 v2.103.1-0.20260623224454-f1ccc976bf60 h1:Jr3WTn6UrEygcOf7nXNuT5EPtS1QQgaSWWjnwr4kO6A=
github.com/n-000000/blowfish/v2 v2.103.1-0.20260623224454-f1ccc976bf60/go.mod h1:02gaPtEIf0UKm1M0DG53BgUzLVcvU0mgM6nnnvAGZYc=
github.com/n-000000/blowfish/v2 v2.103.1-0.20260623233411-5c769faab891 h1:9rTtNjilRuJG5SqQEO7C/Ziqdy5yqupAp2J5c1ad2PU=
github.com/n-000000/blowfish/v2 v2.103.1-0.20260623233411-5c769faab891/go.mod h1:02gaPtEIf0UKm1M0DG53BgUzLVcvU0mgM6nnnvAGZYc=
github.com/n-000000/blowfish/v2 v2.103.1-0.20260624002120-1d1562f1da40 h1:oLUYPkJizOkPOfks9JFFZB3pxRy5qL8zUWylvVKT56Y=
github.com/n-000000/blowfish/v2 v2.103.1-0.20260624002120-1d1562f1da40/go.mod h1:02gaPtEIf0UKm1M0DG53BgUzLVcvU0mgM6nnnvAGZYc=
github.com/n-000000/blowfish/v2 v2.103.1-0.20260624005711-4221b1a204f1 h1:h+e6rvfX+VctVn9kQe8+5ehXIx7QcE3wXPzvbH4DSU8=
github.com/n-000000/blowfish/v2 v2.103.1-0.20260624005711-4221b1a204f1/go.mod h1:02gaPtEIf0UKm1M0DG53BgUzLVcvU0mgM6nnnvAGZYc=
github.com/n-000000/blowfish/v2 v2.103.1-0.20260624011614-ecab72a7e295 h1:90gXCfS1Kda2chu/CA/TANvpuPr9SJtUPoyLKQZG5yE=
github.com/n-000000/blowfish/v2 v2.103.1-0.20260624011614-ecab72a7e295/go.mod h1:02gaPtEIf0UKm1M0DG53BgUzLVcvU0mgM6nnnvAGZYc=
github.com/n-000000/blowfish/v2 v2.103.1-0.20260624162034-3751d30783b0 h1:Dc35v+Y1p4dhjHHPgJ82WebM6zaGZ2Tb97+vHQ7VwhI=
github.com/n-000000/blowfish/v2 v2.103.1-0.20260624162034-3751d30783b0/go.mod h1:02gaPtEIf0UKm1M0DG53BgUzLVcvU0mgM6nnnvAGZYc=
github.com/n-000000/blowfish/v2 v2.103.1-0.20260625015229-4353a3fe2904 h1:cNIzAsw53XJaztyl8O3FN6gxUmMeAnPEqV4hLXlfPsg=
github.com/n-000000/blowfish/v2 v2.103.1-0.20260625015229-4353a3fe2904/go.mod h1:02gaPtEIf0UKm1M0DG53BgUzLVcvU0mgM6nnnvAGZYc=
github.com/n-000000/blowfish/v2 v2.103.1-0.20260625094307-a46633b47e0d h1:OcBT3X4VzQKz3xQ6QCxwV1sb2sGOnUy4EOVeNQrbBfA=
github.com/n-000000/blowfish/v2 v2.103.1-0.20260625094307-a46633b47e0d/go.mod h1:02gaPtEIf0UKm1M0DG53BgUzLVcvU0mgM6nnnvAGZYc=
github.com/n-000000/blowfish/v2 v2.103.1-0.20260625113358-3f9e9efb11c7 h1:rY7zPtWNn4ucGKjCOMd+ntlEDUrrBwfvK4N8DgYw+MM=
github.com/n-000000/blowfish/v2 v2.103.1-0.20260625113358-3f9e9efb11c7/go.mod h1:02gaPtEIf0UKm1M0DG53BgUzLVcvU0mgM6nnnvAGZYc=
github.com/n-000000/blowfish/v2 v2.103.1-0.20260625130849-1efa7e957ca8 h1:NXkV+5aY50q8PcDmOf54YXMiYkEh36TpcNt2ua/Rs08=
github.com/n-000000/blowfish/v2 v2.103.1-0.20260625130849-1efa7e957ca8/go.mod h1:02gaPtEIf0UKm1M0DG53BgUzLVcvU0mgM6nnnvAGZYc=
