github.com/n-000000/blowfish/v2 v2.103.1-0.20260623092140-11dc6cdf170c h1:TFeNlwTBOJ6lS3UIHH0unzlmbwLEXRmg+aC0g6GLQKA=
github.com/n-000000/blowfish/v2 v2.103.1-0.20260623092140-11dc6cdf170c/go.mod h1:02gaPtEIf0UKm1M0DG53BgUzLVcvU0mgM6nnnvAGZYc=
github.com/n-000000/blowfish/v2 v2.103.1-0.20260623134754-d3a4acfc7b27 h1:xsT1feNDGj32kfWbPU/8r7BA5aXcJhCC8ybNFFoLNpw=
github.com/n-000000/blowfish/v2 v2.103.1-0.20260623134754-d3a4acfc7b27/go.mod h1:02gaPtEIf0UKm1M0DG53BgUzLVcvU0mgM6nnnvAGZYc=
